// !$*UTF8*$!
{
	archiveVersion = 1;
	classes = {
	};
	objectVersion = 46;
	objects = {

/* Begin PBXBuildFile section */
		3824A6F319907C24008771EC /* AssetsLibrary.framework in Frameworks */ = {isa = PBXBuildFile; fileRef = 3824A6F219907C24008771EC /* AssetsLibrary.framework */; };
		3826A9F719917DDE001E54B1 /* PhotoViewController.swift in Sources */ = {isa = PBXBuildFile; fileRef = 3826A9F619917DDE001E54B1 /* PhotoViewController.swift */; };
		3826A9F919918602001E54B1 /* PhotoCell.swift in Sources */ = {isa = PBXBuildFile; fileRef = 3826A9F819918602001E54B1 /* PhotoCell.swift */; };
		38BEB74D1990249B0063384C /* AppDelegate.swift in Sources */ = {isa = PBXBuildFile; fileRef = 38BEB74C1990249B0063384C /* AppDelegate.swift */; };
		38BEB74F1990249B0063384C /* ViewController.swift in Sources */ = {isa = PBXBuildFile; fileRef = 38BEB74E1990249B0063384C /* ViewController.swift */; };
		38BEB7521990249B0063384C /* Main.storyboard in Resources */ = {isa = PBXBuildFile; fileRef = 38BEB7501990249B0063384C /* Main.storyboard */; };
		38BEB7541990249B0063384C /* Images.xcassets in Resources */ = {isa = PBXBuildFile; fileRef = 38BEB7531990249B0063384C /* Images.xcassets */; };
		38BEB7601990249B0063384C /* ImageFilterAppTests.swift in Sources */ = {isa = PBXBuildFile; fileRef = 38BEB75F1990249B0063384C /* ImageFilterAppTests.swift */; };
		38D295721991979C001EB347 /* ConfirmPhotoController.swift in Sources */ = {isa = PBXBuildFile; fileRef = 38D295711991979C001EB347 /* ConfirmPhotoController.swift */; };
/* End PBXBuildFile section */

/* Begin PBXContainerItemProxy section */
		38BEB75A1990249B0063384C /* PBXContainerItemProxy */ = {
			isa = PBXContainerItemProxy;
			containerPortal = 38BEB73F1990249B0063384C /* Project object */;
			proxyType = 1;
			remoteGlobalIDString = 38BEB7461990249B0063384C;
			remoteInfo = ImageFilterApp;
		};
/* End PBXContainerItemProxy section */

/* Begin PBXFileReference section */
		3824A6F219907C24008771EC /* AssetsLibrary.framework */ = {isa = PBXFileReference; lastKnownFileType = wrapper.framework; name = AssetsLibrary.framework; path = System/Library/Frameworks/AssetsLibrary.framework; sourceTree = SDKROOT; };
		3826A9F619917DDE001E54B1 /* PhotoViewController.swift */ = {isa = PBXFileReference; fileEncoding = 4; lastKnownFileType = sourcecode.swift; path = PhotoViewController.swift; sourceTree = "<group>"; };
		3826A9F819918602001E54B1 /* PhotoCell.swift */ = {isa = PBXFileReference; fileEncoding = 4; lastKnownFileType = sourcecode.swift; path = PhotoCell.swift; sourceTree = "<group>"; };
		38BEB7471990249B0063384C /* ImageFilterApp.app */ = {isa = PBXFileReference; explicitFileType = wrapper.application; includeInIndex = 0; path = ImageFilterApp.app; sourceTree = BUILT_PRODUCTS_DIR; };
		38BEB74B1990249B0063384C /* Info.plist */ = {isa = PBXFileReference; lastKnownFileType = text.plist.xml; path = Info.plist; sourceTree = "<group>"; };
		38BEB74C1990249B0063384C /* AppDelegate.swift */ = {isa = PBXFileReference; lastKnownFileType = sourcecode.swift; path = AppDelegate.swift; sourceTree = "<group>"; };
		38BEB74E1990249B0063384C /* ViewController.swift */ = {isa = PBXFileReference; lastKnownFileType = sourcecode.swift; path = ViewController.swift; sourceTree = "<group>"; };
		38BEB7511990249B0063384C /* Base */ = {isa = PBXFileReference; lastKnownFileType = file.storyboard; name = Base; path = Base.lproj/Main.storyboard; sourceTree = "<group>"; };
		38BEB7531990249B0063384C /* Images.xcassets */ = {isa = PBXFileReference; lastKnownFileType = folder.assetcatalog; path = Images.xcassets; sourceTree = "<group>"; };
		38BEB7591990249B0063384C /* ImageFilterAppTests.xctest */ = {isa = PBXFileReference; explicitFileType = wrapper.cfbundle; includeInIndex = 0; path = ImageFilterAppTests.xctest; sourceTree = BUILT_PRODUCTS_DIR; };
		38BEB75E1990249B0063384C /* Info.plist */ = {isa = PBXFileReference; lastKnownFileType = text.plist.xml; path = Info.plist; sourceTree = "<group>"; };
		38BEB75F1990249B0063384C /* ImageFilterAppTests.swift */ = {isa = PBXFileReference; lastKnownFileType = sourcecode.swift; path = ImageFilterAppTests.swift; sourceTree = "<group>"; };
		38D295711991979C001EB347 /* ConfirmPhotoController.swift */ = {isa = PBXFileReference; fileEncoding = 4; lastKnownFileType = sourcecode.swift; path = ConfirmPhotoController.swift; sourceTree = "<group>"; };
/* End PBXFileReference section */

/* Begin PBXFrameworksBuildPhase section */
		38BEB7441990249B0063384C /* Frameworks */ = {
			isa = PBXFrameworksBuildPhase;
			buildActionMask = 2147483647;
			files = (
				3824A6F319907C24008771EC /* AssetsLibrary.framework in Frameworks */,
			);
			runOnlyForDeploymentPostprocessing = 0;
		};
		38BEB7561990249B0063384C /* Frameworks */ = {
			isa = PBXFrameworksBuildPhase;
			buildActionMask = 2147483647;
			files = (
			);
			runOnlyForDeploymentPostprocessing = 0;
		};
/* End PBXFrameworksBuildPhase section */

/* Begin PBXGroup section */
		38BEB73E1990249B0063384C = {
			isa = PBXGroup;
			children = (
				3824A6F219907C24008771EC /* AssetsLibrary.framework */,
				38BEB7491990249B0063384C /* ImageFilterApp */,
				38BEB75C1990249B0063384C /* ImageFilterAppTests */,
				38BEB7481990249B0063384C /* Products */,
			);
			sourceTree = "<group>";
		};
		38BEB7481990249B0063384C /* Products */ = {
			isa = PBXGroup;
			children = (
				38BEB7471990249B0063384C /* ImageFilterApp.app */,
				38BEB7591990249B0063384C /* ImageFilterAppTests.xctest */,
			);
			name = Products;
			sourceTree = "<group>";
		};
		38BEB7491990249B0063384C /* ImageFilterApp */ = {
			isa = PBXGroup;
			children = (
				38BEB74C1990249B0063384C /* AppDelegate.swift */,
				38BEB76B199025BC0063384C /* Model */,
				38BEB769199025B10063384C /* Controller */,
				38BEB76A199025B60063384C /* View */,
				38BEB7531990249B0063384C /* Images.xcassets */,
				38BEB74A1990249B0063384C /* Supporting Files */,
			);
			path = ImageFilterApp;
			sourceTree = "<group>";
		};
		38BEB74A1990249B0063384C /* Supporting Files */ = {
			isa = PBXGroup;
			children = (
				38BEB74B1990249B0063384C /* Info.plist */,
			);
			name = "Supporting Files";
			sourceTree = "<group>";
		};
		38BEB75C1990249B0063384C /* ImageFilterAppTests */ = {
			isa = PBXGroup;
			children = (
				38BEB75F1990249B0063384C /* ImageFilterAppTests.swift */,
				38BEB75D1990249B0063384C /* Supporting Files */,
			);
			path = ImageFilterAppTests;
			sourceTree = "<group>";
		};
		38BEB75D1990249B0063384C /* Supporting Files */ = {
			isa = PBXGroup;
			children = (
				38BEB75E1990249B0063384C /* Info.plist */,
			);
			name = "Supporting Files";
			sourceTree = "<group>";
		};
		38BEB769199025B10063384C /* Controller */ = {
			isa = PBXGroup;
			children = (
				38BEB74E1990249B0063384C /* ViewController.swift */,
				3826A9F619917DDE001E54B1 /* PhotoViewController.swift */,
				38D295711991979C001EB347 /* ConfirmPhotoController.swift */,
			);
			name = Controller;
			sourceTree = "<group>";
		};
		38BEB76A199025B60063384C /* View */ = {
			isa = PBXGroup;
			children = (
				38BEB7501990249B0063384C /* Main.storyboard */,
			);
			name = View;
			sourceTree = "<group>";
		};
		38BEB76B199025BC0063384C /* Model */ = {
			isa = PBXGroup;
			children = (
				3826A9F819918602001E54B1 /* PhotoCell.swift */,
			);
			name = Model;
			sourceTree = "<group>";
		};
/* End PBXGroup section */

/* Begin PBXNativeTarget section */
		38BEB7461990249B0063384C /* ImageFilterApp */ = {
			isa = PBXNativeTarget;
			buildConfigurationList = 38BEB7631990249B0063384C /* Build configuration list for PBXNativeTarget "ImageFilterApp" */;
			buildPhases = (
				38BEB7431990249B0063384C /* Sources */,
				38BEB7441990249B0063384C /* Frameworks */,
				38BEB7451990249B0063384C /* Resources */,
			);
			buildRules = (
			);
			dependencies = (
			);
			name = ImageFilterApp;
			productName = ImageFilterApp;
			productReference = 38BEB7471990249B0063384C /* ImageFilterApp.app */;
			productType = "com.apple.product-type.application";
		};
		38BEB7581990249B0063384C /* ImageFilterAppTests */ = {
			isa = PBXNativeTarget;
			buildConfigurationList = 38BEB7661990249B0063384C /* Build configuration list for PBXNativeTarget "ImageFilterAppTests" */;
			buildPhases = (
				38BEB7551990249B0063384C /* Sources */,
				38BEB7561990249B0063384C /* Frameworks */,
				38BEB7571990249B0063384C /* Resources */,
			);
			buildRules = (
			);
			dependencies = (
				38BEB75B1990249B0063384C /* PBXTargetDependency */,
			);
			name = ImageFilterAppTests;
			productName = ImageFilterAppTests;
			productReference = 38BEB7591990249B0063384C /* ImageFilterAppTests.xctest */;
			productType = "com.apple.product-type.bundle.unit-test";
		};
/* End PBXNativeTarget section */

/* Begin PBXProject section */
		38BEB73F1990249B0063384C /* Project object */ = {
			isa = PBXProject;
			attributes = {
				LastUpgradeCheck = 0600;
				ORGANIZATIONNAME = "Leonardo Lee";
				TargetAttributes = {
					38BEB7461990249B0063384C = {
						CreatedOnToolsVersion = 6.0;
					};
					38BEB7581990249B0063384C = {
						CreatedOnToolsVersion = 6.0;
						TestTargetID = 38BEB7461990249B0063384C;
					};
				};
			};
			buildConfigurationList = 38BEB7421990249B0063384C /* Build configuration list for PBXProject "ImageFilterApp" */;
			compatibilityVersion = "Xcode 3.2";
			developmentRegion = English;
			hasScannedForEncodings = 0;
			knownRegions = (
				en,
				Base,
			);
			mainGroup = 38BEB73E1990249B0063384C;
			productRefGroup = 38BEB7481990249B0063384C /* Products */;
			projectDirPath = "";
			projectRoot = "";
			targets = (
				38BEB7461990249B0063384C /* ImageFilterApp */,
				38BEB7581990249B0063384C /* ImageFilterAppTests */,
			);
		};
/* End PBXProject section */

/* Begin PBXResourcesBuildPhase section */
		38BEB7451990249B0063384C /* Resources */ = {
			isa = PBXResourcesBuildPhase;
			buildActionMask = 2147483647;
			files = (
				38BEB7521990249B0063384C /* Main.storyboard in Resources */,
				38BEB7541990249B0063384C /* Images.xcassets in Resources */,
			);
			runOnlyForDeploymentPostprocessing = 0;
		};
		38BEB7571990249B0063384C /* Resources */ = {
			isa = PBXResourcesBuildPhase;
			buildActionMask = 2147483647;
			files = (
			);
			runOnlyForDeploymentPostprocessing = 0;
		};
/* End PBXResourcesBuildPhase section */

/* Begin PBXSourcesBuildPhase section */
		38BEB7431990249B0063384C /* Sources */ = {
			isa = PBXSourcesBuildPhase;
			buildActionMask = 2147483647;
			files = (
				3826A9F919918602001E54B1 /* PhotoCell.swift in Sources */,
				38BEB74F1990249B0063384C /* ViewController.swift in Sources */,
				38D295721991979C001EB347 /* ConfirmPhotoController.swift in Sources */,
				38BEB74D1990249B0063384C /* AppDelegate.swift in Sources */,
				3826A9F719917DDE001E54B1 /* PhotoViewController.swift in Sources */,
			);
			runOnlyForDeploymentPostprocessing = 0;
		};
		38BEB7551990249B0063384C /* Sources */ = {
			isa = PBXSourcesBuildPhase;
			buildActionMask = 2147483647;
			files = (
				38BEB7601990249B0063384C /* ImageFilterAppTests.swift in Sources */,
			);
			runOnlyForDeploymentPostprocessing = 0;
		};
/* End PBXSourcesBuildPhase section */

/* Begin PBXTargetDependency section */
		38BEB75B1990249B0063384C /* PBXTargetDependency */ = {
			isa = PBXTargetDependency;
			target = 38BEB7461990249B0063384C /* ImageFilterApp */;
			targetProxy = 38BEB75A1990249B0063384C /* PBXContainerItemProxy */;
		};
/* End PBXTargetDependency section */

/* Begin PBXVariantGroup section */
		38BEB7501990249B0063384C /* Main.storyboard */ = {
			isa = PBXVariantGroup;
			children = (
				38BEB7511990249B0063384C /* Base */,
			);
			name = Main.storyboard;
			sourceTree = "<group>";
		};
/* End PBXVariantGroup section */

/* Begin XCBuildConfiguration section */
		38BEB7611990249B0063384C /* Debug */ = {
			isa = XCBuildConfiguration;
			buildSettings = {
				ALWAYS_SEARCH_USER_PATHS = NO;
				CLANG_CXX_LANGUAGE_STANDARD = "gnu++0x";
				CLANG_CXX_LIBRARY = "libc++";
				CLANG_ENABLE_MODULES = YES;
				CLANG_ENABLE_OBJC_ARC = YES;
				CLANG_WARN_BOOL_CONVERSION = YES;
				CLANG_WARN_CONSTANT_CONVERSION = YES;
				CLANG_WARN_DIRECT_OBJC_ISA_USAGE = YES_ERROR;
				CLANG_WARN_EMPTY_BODY = YES;
				CLANG_WARN_ENUM_CONVERSION = YES;
				CLANG_WARN_INT_CONVERSION = YES;
				CLANG_WARN_OBJC_ROOT_CLASS = YES_ERROR;
				CLANG_WARN_UNREACHABLE_CODE = YES;
				CLANG_WARN__DUPLICATE_METHOD_MATCH = YES;
				"CODE_SIGN_IDENTITY[sdk=iphoneos*]" = "iPhone Developer";
				COPY_PHASE_STRIP = NO;
				ENABLE_STRICT_OBJC_MSGSEND = YES;
				GCC_C_LANGUAGE_STANDARD = gnu99;
				GCC_DYNAMIC_NO_PIC = NO;
				GCC_OPTIMIZATION_LEVEL = 0;
				GCC_PREPROCESSOR_DEFINITIONS = (
					"DEBUG=1",
					"$(inherited)",
				);
				GCC_SYMBOLS_PRIVATE_EXTERN = NO;
				GCC_WARN_64_TO_32_BIT_CONVERSION = YES;
				GCC_WARN_ABOUT_RETURN_TYPE = YES_ERROR;
				GCC_WARN_UNDECLARED_SELECTOR = YES;
				GCC_WARN_UNINITIALIZED_AUTOS = YES_AGGRESSIVE;
				GCC_WARN_UNUSED_FUNCTION = YES;
				GCC_WARN_UNUSED_VARIABLE = YES;
				IPHONEOS_DEPLOYMENT_TARGET = 8.0;
				MTL_ENABLE_DEBUG_INFO = YES;
				ONLY_ACTIVE_ARCH = YES;
				SDKROOT = iphoneos;
				SWIFT_OPTIMIZATION_LEVEL = "-Onone";
				TARGETED_DEVICE_FAMILY = "1,2";
			};
			name = Debug;
		};
		38BEB7621990249B0063384C /* Release */ = {
			isa = XCBuildConfiguration;
			buildSettings = {
				ALWAYS_SEARCH_USER_PATHS = NO;
				CLANG_CXX_LANGUAGE_STANDARD = "gnu++0x";
				CLANG_CXX_LIBRARY = "libc++";
				CLANG_ENABLE_MODULES = YES;
				CLANG_ENABLE_OBJC_ARC = YES;
				CLANG_WARN_BOOL_CONVERSION = YES;
				CLANG_WARN_CONSTANT_CONVERSION = YES;
				CLANG_WARN_DIRECT_OBJC_ISA_USAGE = YES_ERROR;
				CLANG_WARN_EMPTY_BODY = YES;
				CLANG_WARN_ENUM_CONVERSION = YES;
				CLANG_WARN_INT_CONVERSION = YES;
				CLANG_WARN_OBJC_ROOT_CLASS = YES_ERROR;
				CLANG_WARN_UNREACHABLE_CODE = YES;
				CLANG_WARN__DUPLICATE_METHOD_MATCH = YES;
				"CODE_SIGN_IDENTITY[sdk=iphoneos*]" = "iPhone Developer";
				COPY_PHASE_STRIP = YES;
				ENABLE_NS_ASSERTIONS = NO;
				ENABLE_STRICT_OBJC_MSGSEND = YES;
				GCC_C_LANGUAGE_STANDARD = gnu99;
				GCC_WARN_64_TO_32_BIT_CONVERSION = YES;
				GCC_WARN_ABOUT_RETURN_TYPE = YES_ERROR;
				GCC_WARN_UNDECLARED_SELECTOR = YES;
				GCC_WARN_UNINITIALIZED_AUTOS = YES_AGGRESSIVE;
				GCC_WARN_UNUSED_FUNCTION = YES;
				GCC_WARN_UNUSED_VARIABLE = YES;
				IPHONEOS_DEPLOYMENT_TARGET = 8.0;
				MTL_ENABLE_DEBUG_INFO = NO;
				SDKROOT = iphoneos;
				TARGETED_DEVICE_FAMILY = "1,2";
				VALIDATE_PRODUCT = YES;
			};
			name = Release;
		};
		38BEB7641990249B0063384C /* Debug */ = {
			isa = XCBuildConfiguration;
			buildSettings = {
				ASSETCATALOG_COMPILER_APPICON_NAME = AppIcon;
				ASSETCATALOG_COMPILER_LAUNCHIMAGE_NAME = LaunchImage;
				INFOPLIST_FILE = ImageFilterApp/Info.plist;
				LD_RUNPATH_SEARCH_PATHS = "$(inherited) @executable_path/Frameworks";
				PRODUCT_NAME = "$(TARGET_NAME)";
			};
			name = Debug;
		};
		38BEB7651990249B0063384C /* Release */ = {
			isa = XCBuildConfiguration;
			buildSettings = {
				ASSETCATALOG_COMPILER_APPICON_NAME = AppIcon;
				ASSETCATALOG_COMPILER_LAUNCHIMAGE_NAME = LaunchImage;
				INFOPLIST_FILE = ImageFilterApp/Info.plist;
				LD_RUNPATH_SEARCH_PATHS = "$(inherited) @executable_path/Frameworks";
				PRODUCT_NAME = "$(TARGET_NAME)";
			};
			name = Release;
		};
		38BEB7671990249B0063384C /* Debug */ = {
			isa = XCBuildConfiguration;
			buildSettings = {
				BUNDLE_LOADER = "$(BUILT_PRODUCTS_DIR)/ImageFilterApp.app/ImageFilterApp";
				FRAMEWORK_SEARCH_PATHS = (
					"$(SDKROOT)/Developer/Library/Frameworks",
					"$(inherited)",
				);
				GCC_PREPROCESSOR_DEFINITIONS = (
					"DEBUG=1",
					"$(inherited)",
				);
				INFOPLIST_FILE = ImageFilterAppTests/Info.plist;
				LD_RUNPATH_SEARCH_PATHS = "$(inherited) @executable_path/Frameworks @loader_path/Frameworks";
				PRODUCT_NAME = "$(TARGET_NAME)";
				TEST_HOST = "$(BUNDLE_LOADER)";
			};
			name = Debug;
		};
		38BEB7681990249B0063384C /* Release */ = {
			isa = XCBuildConfiguration;
			buildSettings = {
				BUNDLE_LOADER = "$(BUILT_PRODUCTS_DIR)/ImageFilterApp.app/ImageFilterApp";
				FRAMEWORK_SEARCH_PATHS = (
					"$(SDKROOT)/Developer/Library/Frameworks",
					"$(inherited)",
				);
				INFOPLIST_FILE = ImageFilterAppTests/Info.plist;
				LD_RUNPATH_SEARCH_PATHS = "$(inherited) @executable_path/Frameworks @loader_path/Frameworks";
				PRODUCT_NAME = "$(TARGET_NAME)";
				TEST_HOST = "$(BUNDLE_LOADER)";
			};
			name = Release;
		};
/* End XCBuildConfiguration section */

/* Begin XCConfigurationList section */
		38BEB7421990249B0063384C /* Build configuration list for PBXProject "ImageFilterApp" */ = {
			isa = XCConfigurationList;
			buildConfigurations = (
				38BEB7611990249B0063384C /* Debug */,
				38BEB7621990249B0063384C /* Release */,
			);
			defaultConfigurationIsVisible = 0;
			defaultConfigurationName = Release;
		};
		38BEB7631990249B0063384C /* Build configuration list for PBXNativeTarget "ImageFilterApp" */ = {
			isa = XCConfigurationList;
			buildConfigurations = (
				38BEB7641990249B0063384C /* Debug */,
				38BEB7651990249B0063384C /* Release */,
			);
			defaultConfigurationIsVisible = 0;
			defaultConfigurationName = Release;
		};
		38BEB7661990249B0063384C /* Build configuration list for PBXNativeTarget "ImageFilterAppTests" */ = {
			isa = XCConfigurationList;
			buildConfigurations = (
				38BEB7671990249B0063384C /* Debug */,
				38BEB7681990249B0063384C /* Release */,
			);
			defaultConfigurationIsVisible = 0;
			defaultConfigurationName = Release;
		};
/* End XCConfigurationList section */
	};
	rootObject = 38BEB73F1990249B0063384C /* Project object */;
}
